
Microsoft Visual Studio Solution File, Format Version 12.00
# Visual Studio Version 16
VisualStudioVersion = 25.0.1700.0
MinimumVisualStudioVersion = 10.0.40219.1
Project("{FAE04EC0-301F-11D3-BF4B-00C04F79EFBC}") = "Net6API", "Net6API\Net6API.csproj", "{39BD1D63-0968-4E44-B985-DC60E5BDDEB1}"
EndProject
Project("{FAE04EC0-301F-11D3-BF4B-00C04F79EFBC}") = "Net6APITests", "Net6APITests\Net6APITests.csproj", "{F3225C5E-1577-4A6F-92E7-08E8D287E9A2}"
EndProject
Project("{2150E333-8FDC-42A3-9474-1A3956D46DE8}") = "Solution Items", "Solution Items", "{76DD1310-647A-45FD-92A5-2BDF73B01A2F}"
	ProjectSection(SolutionItems) = preProject
		.editorconfig = .editorconfig
	EndProjectSection
EndProject
Global
	GlobalSection(SolutionConfigurationPlatforms) = preSolution
		Debug|Any CPU = Debug|Any CPU
		Release|Any CPU = Release|Any CPU
	EndGlobalSection
	GlobalSection(ProjectConfigurationPlatforms) = postSolution
		{39BD1D63-0968-4E44-B985-DC60E5BDDEB1}.Debug|Any CPU.ActiveCfg = Debug|Any CPU
		{39BD1D63-0968-4E44-B985-DC60E5BDDEB1}.Debug|Any CPU.Build.0 = Debug|Any CPU
		{39BD1D63-0968-4E44-B985-DC60E5BDDEB1}.Release|Any CPU.ActiveCfg = Release|Any CPU
		{39BD1D63-0968-4E44-B985-DC60E5BDDEB1}.Release|Any CPU.Build.0 = Release|Any CPU
		{F3225C5E-1577-4A6F-92E7-08E8D287E9A2}.Debug|Any CPU.ActiveCfg = Debug|Any CPU
		{F3225C5E-1577-4A6F-92E7-08E8D287E9A2}.Debug|Any CPU.Build.0 = Debug|Any CPU
		{F3225C5E-1577-4A6F-92E7-08E8D287E9A2}.Release|Any CPU.ActiveCfg = Release|Any CPU
		{F3225C5E-1577-4A6F-92E7-08E8D287E9A2}.Release|Any CPU.Build.0 = Release|Any CPU
	EndGlobalSection
	GlobalSection(SolutionProperties) = preSolution
		HideSolutionNode = FALSE
	EndGlobalSection
	GlobalSection(ExtensibilityGlobals) = postSolution
		SolutionGuid = {53036549-0FC6-4C58-83AD-126E2F051549}
	EndGlobalSection
EndGlobal
